
Microsoft Visual Studio Solution File, Format Version 12.00
# Visual Studio Version 17
VisualStudioVersion = 17.11.35208.52
MinimumVisualStudioVersion = 10.0.40219.1
Project("{FAE04EC0-301F-11D3-BF4B-00C04F79EFBC}") = "TopTenChartTypes.UWP", "TopTenChartTypes\TopTenChartTypes.UWP\TopTenChartTypes.UWP.csproj", "{ECB0EF90-772D-4693-97F9-6677FD59CF75}"
EndProject
Project("{FAE04EC0-301F-11D3-BF4B-00C04F79EFBC}") = "TopTenChartTypes.Android", "TopTenChartTypes\TopTenChartTypes.Android\TopTenChartTypes.Android.csproj", "{A53DA967-35E5-49D8-9DDE-C9BEB525836A}"
EndProject
Project("{FAE04EC0-301F-11D3-BF4B-00C04F79EFBC}") = "TopTenChartTypes.iOS", "TopTenChartTypes\TopTenChartTypes.iOS\TopTenChartTypes.iOS.csproj", "{69A8A3EC-0CDF-413D-9A03-A1EC4F6E10CB}"
EndProject
Project("{FAE04EC0-301F-11D3-BF4B-00C04F79EFBC}") = "TopTenChartTypes", "TopTenChartTypes\TopTenChartTypes\TopTenChartTypes.csproj", "{50DE0825-6796-48E7-9BAF-DA56A2CE7894}"
EndProject
Global
	GlobalSection(SolutionConfigurationPlatforms) = preSolution
		Debug|Any CPU = Debug|Any CPU
		Debug|ARM = Debug|ARM
		Debug|iPhone = Debug|iPhone
		Debug|iPhoneSimulator = Debug|iPhoneSimulator
		Debug|x64 = Debug|x64
		Debug|x86 = Debug|x86
		Release|Any CPU = Release|Any CPU
		Release|ARM = Release|ARM
		Release|iPhone = Release|iPhone
		Release|iPhoneSimulator = Release|iPhoneSimulator
		Release|x64 = Release|x64
		Release|x86 = Release|x86
	EndGlobalSection
	GlobalSection(ProjectConfigurationPlatforms) = postSolution
		{ECB0EF90-772D-4693-97F9-6677FD59CF75}.Debug|Any CPU.ActiveCfg = Debug|x64
		{ECB0EF90-772D-4693-97F9-6677FD59CF75}.Debug|Any CPU.Build.0 = Debug|x64
		{ECB0EF90-772D-4693-97F9-6677FD59CF75}.Debug|Any CPU.Deploy.0 = Debug|x64
		{ECB0EF90-772D-4693-97F9-6677FD59CF75}.Debug|ARM.ActiveCfg = Debug|ARM
		{ECB0EF90-772D-4693-97F9-6677FD59CF75}.Debug|ARM.Build.0 = Debug|ARM
		{ECB0EF90-772D-4693-97F9-6677FD59CF75}.Debug|ARM.Deploy.0 = Debug|ARM
		{ECB0EF90-772D-4693-97F9-6677FD59CF75}.Debug|iPhone.ActiveCfg = Debug|x64
		{ECB0EF90-772D-4693-97F9-6677FD59CF75}.Debug|iPhone.Build.0 = Debug|x64
		{ECB0EF90-772D-4693-97F9-6677FD59CF75}.Debug|iPhone.Deploy.0 = Debug|x64
		{ECB0EF90-772D-4693-97F9-6677FD59CF75}.Debug|iPhoneSimulator.ActiveCfg = Debug|x64
		{ECB0EF90-772D-4693-97F9-6677FD59CF75}.Debug|iPhoneSimulator.Build.0 = Debug|x64
		{ECB0EF90-772D-4693-97F9-6677FD59CF75}.Debug|iPhoneSimulator.Deploy.0 = Debug|x64
		{ECB0EF90-772D-4693-97F9-6677FD59CF75}.Debug|x64.ActiveCfg = Debug|x64
		{ECB0EF90-772D-4693-97F9-6677FD59CF75}.Debug|x64.Build.0 = Debug|x64
		{ECB0EF90-772D-4693-97F9-6677FD59CF75}.Debug|x64.Deploy.0 = Debug|x64
		{ECB0EF90-772D-4693-97F9-6677FD59CF75}.Debug|x86.ActiveCfg = Debug|x86
		{ECB0EF90-772D-4693-97F9-6677FD59CF75}.Debug|x86.Build.0 = Debug|x86
		{ECB0EF90-772D-4693-97F9-6677FD59CF75}.Debug|x86.Deploy.0 = Debug|x86
		{ECB0EF90-772D-4693-97F9-6677FD59CF75}.Release|Any CPU.ActiveCfg = Release|x64
		{ECB0EF90-772D-4693-97F9-6677FD59CF75}.Release|Any CPU.Build.0 = Release|x64
		{ECB0EF90-772D-4693-97F9-6677FD59CF75}.Release|Any CPU.Deploy.0 = Release|x64
		{ECB0EF90-772D-4693-97F9-6677FD59CF75}.Release|ARM.ActiveCfg = Release|ARM
		{ECB0EF90-772D-4693-97F9-6677FD59CF75}.Release|ARM.Build.0 = Release|ARM
		{ECB0EF90-772D-4693-97F9-6677FD59CF75}.Release|ARM.Deploy.0 = Release|ARM
		{ECB0EF90-772D-4693-97F9-6677FD59CF75}.Release|iPhone.ActiveCfg = Release|x64
		{ECB0EF90-772D-4693-97F9-6677FD59CF75}.Release|iPhone.Build.0 = Release|x64
		{ECB0EF90-772D-4693-97F9-6677FD59CF75}.Release|iPhone.Deploy.0 = Release|x64
		{ECB0EF90-772D-4693-97F9-6677FD59CF75}.Release|iPhoneSimulator.ActiveCfg = Release|x64
		{ECB0EF90-772D-4693-97F9-6677FD59CF75}.Release|iPhoneSimulator.Build.0 = Release|x64
		{ECB0EF90-772D-4693-97F9-6677FD59CF75}.Release|iPhoneSimulator.Deploy.0 = Release|x64
		{ECB0EF90-772D-4693-97F9-6677FD59CF75}.Release|x64.ActiveCfg = Release|x64
		{ECB0EF90-772D-4693-97F9-6677FD59CF75}.Release|x64.Build.0 = Release|x64
		{ECB0EF90-772D-4693-97F9-6677FD59CF75}.Release|x64.Deploy.0 = Release|x64
		{ECB0EF90-772D-4693-97F9-6677FD59CF75}.Release|x86.ActiveCfg = Release|x86
		{ECB0EF90-772D-4693-97F9-6677FD59CF75}.Release|x86.Build.0 = Release|x86
		{ECB0EF90-772D-4693-97F9-6677FD59CF75}.Release|x86.Deploy.0 = Release|x86
		{A53DA967-35E5-49D8-9DDE-C9BEB525836A}.Debug|Any CPU.ActiveCfg = Debug|Any CPU
		{A53DA967-35E5-49D8-9DDE-C9BEB525836A}.Debug|Any CPU.Build.0 = Debug|Any CPU
		{A53DA967-35E5-49D8-9DDE-C9BEB525836A}.Debug|Any CPU.Deploy.0 = Debug|Any CPU
		{A53DA967-35E5-49D8-9DDE-C9BEB525836A}.Debug|ARM.ActiveCfg = Debug|Any CPU
		{A53DA967-35E5-49D8-9DDE-C9BEB525836A}.Debug|ARM.Build.0 = Debug|Any CPU
		{A53DA967-35E5-49D8-9DDE-C9BEB525836A}.Debug|ARM.Deploy.0 = Debug|Any CPU
		{A53DA967-35E5-49D8-9DDE-C9BEB525836A}.Debug|iPhone.ActiveCfg = Debug|Any CPU
		{A53DA967-35E5-49D8-9DDE-C9BEB525836A}.Debug|iPhone.Build.0 = Debug|Any CPU
		{A53DA967-35E5-49D8-9DDE-C9BEB525836A}.Debug|iPhone.Deploy.0 = Debug|Any CPU
		{A53DA967-35E5-49D8-9DDE-C9BEB525836A}.Debug|iPhoneSimulator.ActiveCfg = Debug|Any CPU
		{A53DA967-35E5-49D8-9DDE-C9BEB525836A}.Debug|iPhoneSimulator.Build.0 = Debug|Any CPU
		{A53DA967-35E5-49D8-9DDE-C9BEB525836A}.Debug|iPhoneSimulator.Deploy.0 = Debug|Any CPU
		{A53DA967-35E5-49D8-9DDE-C9BEB525836A}.Debug|x64.ActiveCfg = Debug|Any CPU
		{A53DA967-35E5-49D8-9DDE-C9BEB525836A}.Debug|x64.Build.0 = Debug|Any CPU
		{A53DA967-35E5-49D8-9DDE-C9BEB525836A}.Debug|x64.Deploy.0 = Debug|Any CPU
		{A53DA967-35E5-49D8-9DDE-C9BEB525836A}.Debug|x86.ActiveCfg = Debug|Any CPU
		{A53DA967-35E5-49D8-9DDE-C9BEB525836A}.Debug|x86.Build.0 = Debug|Any CPU
		{A53DA967-35E5-49D8-9DDE-C9BEB525836A}.Debug|x86.Deploy.0 = Debug|Any CPU
		{A53DA967-35E5-49D8-9DDE-C9BEB525836A}.Release|Any CPU.ActiveCfg = Release|Any CPU
		{A53DA967-35E5-49D8-9DDE-C9BEB525836A}.Release|Any CPU.Build.0 = Release|Any CPU
		{A53DA967-35E5-49D8-9DDE-C9BEB525836A}.Release|Any CPU.Deploy.0 = Release|Any CPU
		{A53DA967-35E5-49D8-9DDE-C9BEB525836A}.Release|ARM.ActiveCfg = Release|Any CPU
		{A53DA967-35E5-49D8-9DDE-C9BEB525836A}.Release|ARM.Build.0 = Release|Any CPU
		{A53DA967-35E5-49D8-9DDE-C9BEB525836A}.Release|ARM.Deploy.0 = Release|Any CPU
		{A53DA967-35E5-49D8-9DDE-C9BEB525836A}.Release|iPhone.ActiveCfg = Release|Any CPU
		{A53DA967-35E5-49D8-9DDE-C9BEB525836A}.Release|iPhone.Build.0 = Release|Any CPU
		{A53DA967-35E5-49D8-9DDE-C9BEB525836A}.Release|iPhone.Deploy.0 = Release|Any CPU
		{A53DA967-35E5-49D8-9DDE-C9BEB525836A}.Release|iPhoneSimulator.ActiveCfg = Release|Any CPU
		{A53DA967-35E5-49D8-9DDE-C9BEB525836A}.Release|iPhoneSimulator.Build.0 = Release|Any CPU
		{A53DA967-35E5-49D8-9DDE-C9BEB525836A}.Release|iPhoneSimulator.Deploy.0 = Release|Any CPU
		{A53DA967-35E5-49D8-9DDE-C9BEB525836A}.Release|x64.ActiveCfg = Release|Any CPU
		{A53DA967-35E5-49D8-9DDE-C9BEB525836A}.Release|x64.Build.0 = Release|Any CPU
		{A53DA967-35E5-49D8-9DDE-C9BEB525836A}.Release|x64.Deploy.0 = Release|Any CPU
		{A53DA967-35E5-49D8-9DDE-C9BEB525836A}.Release|x86.ActiveCfg = Release|Any CPU
		{A53DA967-35E5-49D8-9DDE-C9BEB525836A}.Release|x86.Build.0 = Release|Any CPU
		{A53DA967-35E5-49D8-9DDE-C9BEB525836A}.Release|x86.Deploy.0 = Release|Any CPU
		{69A8A3EC-0CDF-413D-9A03-A1EC4F6E10CB}.Debug|Any CPU.ActiveCfg = Debug|iPhoneSimulator
		{69A8A3EC-0CDF-413D-9A03-A1EC4F6E10CB}.Debug|Any CPU.Build.0 = Debug|iPhoneSimulator
		{69A8A3EC-0CDF-413D-9A03-A1EC4F6E10CB}.Debug|Any CPU.Deploy.0 = Debug|iPhoneSimulator
		{69A8A3EC-0CDF-413D-9A03-A1EC4F6E10CB}.Debug|ARM.ActiveCfg = Debug|iPhoneSimulator
		{69A8A3EC-0CDF-413D-9A03-A1EC4F6E10CB}.Debug|ARM.Build.0 = Debug|iPhoneSimulator
		{69A8A3EC-0CDF-413D-9A03-A1EC4F6E10CB}.Debug|ARM.Deploy.0 = Debug|iPhoneSimulator
		{69A8A3EC-0CDF-413D-9A03-A1EC4F6E10CB}.Debug|iPhone.ActiveCfg = Debug|iPhone
		{69A8A3EC-0CDF-413D-9A03-A1EC4F6E10CB}.Debug|iPhone.Build.0 = Debug|iPhone
		{69A8A3EC-0CDF-413D-9A03-A1EC4F6E10CB}.Debug|iPhone.Deploy.0 = Debug|iPhone
		{69A8A3EC-0CDF-413D-9A03-A1EC4F6E10CB}.Debug|iPhoneSimulator.ActiveCfg = Debug|iPhoneSimulator
		{69A8A3EC-0CDF-413D-9A03-A1EC4F6E10CB}.Debug|iPhoneSimulator.Build.0 = Debug|iPhoneSimulator
		{69A8A3EC-0CDF-413D-9A03-A1EC4F6E10CB}.Debug|iPhoneSimulator.Deploy.0 = Debug|iPhoneSimulator
		{69A8A3EC-0CDF-413D-9A03-A1EC4F6E10CB}.Debug|x64.ActiveCfg = Debug|iPhone
		{69A8A3EC-0CDF-413D-9A03-A1EC4F6E10CB}.Debug|x64.Build.0 = Debug|iPhone
		{69A8A3EC-0CDF-413D-9A03-A1EC4F6E10CB}.Debug|x64.Deploy.0 = Debug|iPhone
		{69A8A3EC-0CDF-413D-9A03-A1EC4F6E10CB}.Debug|x86.ActiveCfg = Debug|iPhoneSimulator
		{69A8A3EC-0CDF-413D-9A03-A1EC4F6E10CB}.Debug|x86.Build.0 = Debug|iPhoneSimulator
		{69A8A3EC-0CDF-413D-9A03-A1EC4F6E10CB}.Debug|x86.Deploy.0 = Debug|iPhoneSimulator
		{69A8A3EC-0CDF-413D-9A03-A1EC4F6E10CB}.Release|Any CPU.ActiveCfg = Release|iPhoneSimulator
		{69A8A3EC-0CDF-413D-9A03-A1EC4F6E10CB}.Release|Any CPU.Build.0 = Release|iPhoneSimulator
		{69A8A3EC-0CDF-413D-9A03-A1EC4F6E10CB}.Release|Any CPU.Deploy.0 = Release|iPhoneSimulator
		{69A8A3EC-0CDF-413D-9A03-A1EC4F6E10CB}.Release|ARM.ActiveCfg = Release|iPhoneSimulator
		{69A8A3EC-0CDF-413D-9A03-A1EC4F6E10CB}.Release|ARM.Build.0 = Release|iPhoneSimulator
		{69A8A3EC-0CDF-413D-9A03-A1EC4F6E10CB}.Release|ARM.Deploy.0 = Release|iPhoneSimulator
		{69A8A3EC-0CDF-413D-9A03-A1EC4F6E10CB}.Release|iPhone.ActiveCfg = Release|iPhone
		{69A8A3EC-0CDF-413D-9A03-A1EC4F6E10CB}.Release|iPhone.Build.0 = Release|iPhone
		{69A8A3EC-0CDF-413D-9A03-A1EC4F6E10CB}.Release|iPhone.Deploy.0 = Release|iPhone
		{69A8A3EC-0CDF-413D-9A03-A1EC4F6E10CB}.Release|iPhoneSimulator.ActiveCfg = Release|iPhoneSimulator
		{69A8A3EC-0CDF-413D-9A03-A1EC4F6E10CB}.Release|iPhoneSimulator.Build.0 = Release|iPhoneSimulator
		{69A8A3EC-0CDF-413D-9A03-A1EC4F6E10CB}.Release|iPhoneSimulator.Deploy.0 = Release|iPhoneSimulator
		{69A8A3EC-0CDF-413D-9A03-A1EC4F6E10CB}.Release|x64.ActiveCfg = Release|iPhoneSimulator
		{69A8A3EC-0CDF-413D-9A03-A1EC4F6E10CB}.Release|x64.Build.0 = Release|iPhoneSimulator
		{69A8A3EC-0CDF-413D-9A03-A1EC4F6E10CB}.Release|x64.Deploy.0 = Release|iPhoneSimulator
		{69A8A3EC-0CDF-413D-9A03-A1EC4F6E10CB}.Release|x86.ActiveCfg = Release|iPhoneSimulator
		{69A8A3EC-0CDF-413D-9A03-A1EC4F6E10CB}.Release|x86.Build.0 = Release|iPhoneSimulator
		{69A8A3EC-0CDF-413D-9A03-A1EC4F6E10CB}.Release|x86.Deploy.0 = Release|iPhoneSimulator
		{50DE0825-6796-48E7-9BAF-DA56A2CE7894}.Debug|Any CPU.ActiveCfg = Debug|Any CPU
		{50DE0825-6796-48E7-9BAF-DA56A2CE7894}.Debug|Any CPU.Build.0 = Debug|Any CPU
		{50DE0825-6796-48E7-9BAF-DA56A2CE7894}.Debug|Any CPU.Deploy.0 = Debug|Any CPU
		{50DE0825-6796-48E7-9BAF-DA56A2CE7894}.Debug|ARM.ActiveCfg = Debug|Any CPU
		{50DE0825-6796-48E7-9BAF-DA56A2CE7894}.Debug|ARM.Build.0 = Debug|Any CPU
		{50DE0825-6796-48E7-9BAF-DA56A2CE7894}.Debug|ARM.Deploy.0 = Debug|Any CPU
		{50DE0825-6796-48E7-9BAF-DA56A2CE7894}.Debug|iPhone.ActiveCfg = Debug|Any CPU
		{50DE0825-6796-48E7-9BAF-DA56A2CE7894}.Debug|iPhone.Build.0 = Debug|Any CPU
		{50DE0825-6796-48E7-9BAF-DA56A2CE7894}.Debug|iPhone.Deploy.0 = Debug|Any CPU
		{50DE0825-6796-48E7-9BAF-DA56A2CE7894}.Debug|iPhoneSimulator.ActiveCfg = Debug|Any CPU
		{50DE0825-6796-48E7-9BAF-DA56A2CE7894}.Debug|iPhoneSimulator.Build.0 = Debug|Any CPU
		{50DE0825-6796-48E7-9BAF-DA56A2CE7894}.Debug|iPhoneSimulator.Deploy.0 = Debug|Any CPU
		{50DE0825-6796-48E7-9BAF-DA56A2CE7894}.Debug|x64.ActiveCfg = Debug|Any CPU
		{50DE0825-6796-48E7-9BAF-DA56A2CE7894}.Debug|x64.Build.0 = Debug|Any CPU
		{50DE0825-6796-48E7-9BAF-DA56A2CE7894}.Debug|x64.Deploy.0 = Debug|Any CPU
		{50DE0825-6796-48E7-9BAF-DA56A2CE7894}.Debug|x86.ActiveCfg = Debug|Any CPU
		{50DE0825-6796-48E7-9BAF-DA56A2CE7894}.Debug|x86.Build.0 = Debug|Any CPU
		{50DE0825-6796-48E7-9BAF-DA56A2CE7894}.Debug|x86.Deploy.0 = Debug|Any CPU
		{50DE0825-6796-48E7-9BAF-DA56A2CE7894}.Release|Any CPU.ActiveCfg = Release|Any CPU
		{50DE0825-6796-48E7-9BAF-DA56A2CE7894}.Release|Any CPU.Build.0 = Release|Any CPU
		{50DE0825-6796-48E7-9BAF-DA56A2CE7894}.Release|Any CPU.Deploy.0 = Release|Any CPU
		{50DE0825-6796-48E7-9BAF-DA56A2CE7894}.Release|ARM.ActiveCfg = Release|Any CPU
		{50DE0825-6796-48E7-9BAF-DA56A2CE7894}.Release|ARM.Build.0 = Release|Any CPU
		{50DE0825-6796-48E7-9BAF-DA56A2CE7894}.Release|ARM.Deploy.0 = Release|Any CPU
		{50DE0825-6796-48E7-9BAF-DA56A2CE7894}.Release|iPhone.ActiveCfg = Release|Any CPU
		{50DE0825-6796-48E7-9BAF-DA56A2CE7894}.Release|iPhone.Build.0 = Release|Any CPU
		{50DE0825-6796-48E7-9BAF-DA56A2CE7894}.Release|iPhone.Deploy.0 = Release|Any CPU
		{50DE0825-6796-48E7-9BAF-DA56A2CE7894}.Release|iPhoneSimulator.ActiveCfg = Release|Any CPU
		{50DE0825-6796-48E7-9BAF-DA56A2CE7894}.Release|iPhoneSimulator.Build.0 = Release|Any CPU
		{50DE0825-6796-48E7-9BAF-DA56A2CE7894}.Release|iPhoneSimulator.Deploy.0 = Release|Any CPU
		{50DE0825-6796-48E7-9BAF-DA56A2CE7894}.Release|x64.ActiveCfg = Release|Any CPU
		{50DE0825-6796-48E7-9BAF-DA56A2CE7894}.Release|x64.Build.0 = Release|Any CPU
		{50DE0825-6796-48E7-9BAF-DA56A2CE7894}.Release|x64.Deploy.0 = Release|Any CPU
		{50DE0825-6796-48E7-9BAF-DA56A2CE7894}.Release|x86.ActiveCfg = Release|Any CPU
		{50DE0825-6796-48E7-9BAF-DA56A2CE7894}.Release|x86.Build.0 = Release|Any CPU
		{50DE0825-6796-48E7-9BAF-DA56A2CE7894}.Release|x86.Deploy.0 = Release|Any CPU
	EndGlobalSection
	GlobalSection(SolutionProperties) = preSolution
		HideSolutionNode = FALSE
	EndGlobalSection
	GlobalSection(ExtensibilityGlobals) = postSolution
		SolutionGuid = {D3829075-704B-4CBB-899D-B670D9773686}
	EndGlobalSection
EndGlobal
